#
# This file is autogenerated by pip-compile with Python 3.12
# by the following command:
#
#    pip-compile --no-index --output-file=requirements.lock requirements.txt
#
asgiref==3.12.1
    # via django
boto3==1.43.88
    # via -r requirements.txt
botocore==1.43.88
    # via
    #   boto3
    #   s3transfer
certifi==2026.7.22
    # via
    #   requests
    #   sentry-sdk
charset-normalizer==3.5.1
    # via requests
django==5.2.17
    # via
    #   -r requirements.txt
    #   django-otp
    #   django-unfold
django-otp==1.7.1
    # via -r requirements.txt
django-unfold==0.104.1
    # via -r requirements.txt
gunicorn==23.0.0
    # via -r requirements.txt
idna==3.19
    # via requests
jmespath==1.1.0
    # via
    #   boto3
    #   botocore
packaging==26.3
    # via gunicorn
pillow==12.3.0
    # via -r requirements.txt
psycopg[binary]==3.3.5
    # via -r requirements.txt
psycopg-binary==3.3.5
    # via psycopg
python-dateutil==2.9.0.post0
    # via botocore
qrcode==8.2
    # via -r requirements.txt
redis==6.4.0
    # via -r requirements.txt
requests==2.34.2
    # via stripe
s3transfer==0.19.2
    # via boto3
sentry-sdk==2.68.1
    # via -r requirements.txt
six==1.17.0
    # via python-dateutil
sqlparse==0.6.0
    # via django
stripe==14.4.1
    # via -r requirements.txt
typing-extensions==4.16.0
    # via
    #   psycopg
    #   stripe
urllib3==2.7.0
    # via
    #   botocore
    #   requests
    #   sentry-sdk
whitenoise==6.12.0
    # via -r requirements.txt
